
Microsoft Visual Studio Solution File, Format Version 12.00
# Visual Studio Version 17
VisualStudioVersion = 17.6.33815.320
MinimumVisualStudioVersion = 10.0.40219.1
Project("{FAE04EC0-301F-11D3-BF4B-00C04F79EFBC}") = "Market404", "Market404.csproj", "{2F84322D-3F46-42F6-98A5-34A8DF03B7C7}"
EndProject
Global
	GlobalSection(SolutionConfigurationPlatforms) = preSolution
		Debug|Any CPU = Debug|Any CPU
		Release|Any CPU = Release|Any CPU
	EndGlobalSection
	GlobalSection(ProjectConfigurationPlatforms) = postSolution
		{2F84322D-3F46-42F6-98A5-34A8DF03B7C7}.Debug|Any CPU.ActiveCfg = Debug|Any CPU
		{2F84322D-3F46-42F6-98A5-34A8DF03B7C7}.Debug|Any CPU.Build.0 = Debug|Any CPU
		{2F84322D-3F46-42F6-98A5-34A8DF03B7C7}.Release|Any CPU.ActiveCfg = Release|Any CPU
		{2F84322D-3F46-42F6-98A5-34A8DF03B7C7}.Release|Any CPU.Build.0 = Release|Any CPU
	EndGlobalSection
	GlobalSection(SolutionProperties) = preSolution
		HideSolutionNode = FALSE
	EndGlobalSection
	GlobalSection(ExtensibilityGlobals) = postSolution
		SolutionGuid = {FA312AA1-E59D-4A89-AD15-02F72DA906E1}
	EndGlobalSection
EndGlobal
